// !$*UTF8*$!
{
	archiveVersion = 1;
	classes = {
	};
	objectVersion = 46;
	objects = {

/* Begin PBXBuildFile section */
		F42F218A1BDA60D0007FE372 /* AppDelegate.swift in Sources */ = {isa = PBXBuildFile; fileRef = F42F21891BDA60D0007FE372 /* AppDelegate.swift */; };
		F42F218C1BDA60D0007FE372 /* ViewController.swift in Sources */ = {isa = PBXBuildFile; fileRef = F42F218B1BDA60D0007FE372 /* ViewController.swift */; };
		F42F218F1BDA60D0007FE372 /* Main.storyboard in Resources */ = {isa = PBXBuildFile; fileRef = F42F218D1BDA60D0007FE372 /* Main.storyboard */; };
		F42F21911BDA60D0007FE372 /* Assets.xcassets in Resources */ = {isa = PBXBuildFile; fileRef = F42F21901BDA60D0007FE372 /* Assets.xcassets */; };
		F42F21941BDA60D0007FE372 /* LaunchScreen.storyboard in Resources */ = {isa = PBXBuildFile; fileRef = F42F21921BDA60D0007FE372 /* LaunchScreen.storyboard */; };
		F42F219F1BDA60D0007FE372 /* FunFactTests.swift in Sources */ = {isa = PBXBuildFile; fileRef = F42F219E1BDA60D0007FE372 /* FunFactTests.swift */; };
		F42F21AA1BDA60D0007FE372 /* FunFactUITests.swift in Sources */ = {isa = PBXBuildFile; fileRef = F42F21A91BDA60D0007FE372 /* FunFactUITests.swift */; };
		F42F21B81BDA65E7007FE372 /* FactBook.swift in Sources */ = {isa = PBXBuildFile; fileRef = F42F21B71BDA65E7007FE372 /* FactBook.swift */; settings = {ASSET_TAGS = (); }; };
		F4DF3CF91BDA6DDC00CC7A3F /* ColorWheel.swift in Sources */ = {isa = PBXBuildFile; fileRef = F4DF3CF81BDA6DDC00CC7A3F /* ColorWheel.swift */; settings = {ASSET_TAGS = (); }; };
/* End PBXBuildFile section */

/* Begin PBXContainerItemProxy section */
		F42F219B1BDA60D0007FE372 /* PBXContainerItemProxy */ = {
			isa = PBXContainerItemProxy;
			containerPortal = F42F217E1BDA60D0007FE372 /* Project object */;
			proxyType = 1;
			remoteGlobalIDString = F42F21851BDA60D0007FE372;
			remoteInfo = FunFact;
		};
		F42F21A61BDA60D0007FE372 /* PBXContainerItemProxy */ = {
			isa = PBXContainerItemProxy;
			containerPortal = F42F217E1BDA60D0007FE372 /* Project object */;
			proxyType = 1;
			remoteGlobalIDString = F42F21851BDA60D0007FE372;
			remoteInfo = FunFact;
		};
/* End PBXContainerItemProxy section */

/* Begin PBXFileReference section */
		F42F21861BDA60D0007FE372 /* FunFact.app */ = {isa = PBXFileReference; explicitFileType = wrapper.application; includeInIndex = 0; path = FunFact.app; sourceTree = BUILT_PRODUCTS_DIR; };
		F42F21891BDA60D0007FE372 /* AppDelegate.swift */ = {isa = PBXFileReference; lastKnownFileType = sourcecode.swift; path = AppDelegate.swift; sourceTree = "<group>"; };
		F42F218B1BDA60D0007FE372 /* ViewController.swift */ = {isa = PBXFileReference; lastKnownFileType = sourcecode.swift; path = ViewController.swift; sourceTree = "<group>"; };
		F42F218E1BDA60D0007FE372 /* Base */ = {isa = PBXFileReference; lastKnownFileType = file.storyboard; name = Base; path = Base.lproj/Main.storyboard; sourceTree = "<group>"; };
		F42F21901BDA60D0007FE372 /* Assets.xcassets */ = {isa = PBXFileReference; lastKnownFileType = folder.assetcatalog; path = Assets.xcassets; sourceTree = "<group>"; };
		F42F21931BDA60D0007FE372 /* Base */ = {isa = PBXFileReference; lastKnownFileType = file.storyboard; name = Base; path = Base.lproj/LaunchScreen.storyboard; sourceTree = "<group>"; };
		F42F21951BDA60D0007FE372 /* Info.plist */ = {isa = PBXFileReference; lastKnownFileType = text.plist.xml; path = Info.plist; sourceTree = "<group>"; };
		F42F219A1BDA60D0007FE372 /* FunFactTests.xctest */ = {isa = PBXFileReference; explicitFileType = wrapper.cfbundle; includeInIndex = 0; path = FunFactTests.xctest; sourceTree = BUILT_PRODUCTS_DIR; };
		F42F219E1BDA60D0007FE372 /* FunFactTests.swift */ = {isa = PBXFileReference; lastKnownFileType = sourcecode.swift; path = FunFactTests.swift; sourceTree = "<group>"; };
		F42F21A01BDA60D0007FE372 /* Info.plist */ = {isa = PBXFileReference; lastKnownFileType = text.plist.xml; path = Info.plist; sourceTree = "<group>"; };
		F42F21A51BDA60D0007FE372 /* FunFactUITests.xctest */ = {isa = PBXFileReference; explicitFileType = wrapper.cfbundle; includeInIndex = 0; path = FunFactUITests.xctest; sourceTree = BUILT_PRODUCTS_DIR; };
		F42F21A91BDA60D0007FE372 /* FunFactUITests.swift */ = {isa = PBXFileReference; lastKnownFileType = sourcecode.swift; path = FunFactUITests.swift; sourceTree = "<group>"; };
		F42F21AB1BDA60D0007FE372 /* Info.plist */ = {isa = PBXFileReference; lastKnownFileType = text.plist.xml; path = Info.plist; sourceTree = "<group>"; };
		F42F21B71BDA65E7007FE372 /* FactBook.swift */ = {isa = PBXFileReference; fileEncoding = 4; lastKnownFileType = sourcecode.swift; path = FactBook.swift; sourceTree = "<group>"; };
		F42F21BA1BDA66EA007FE372 /* CodeTest.playground */ = {isa = PBXFileReference; lastKnownFileType = file.playground; path = CodeTest.playground; sourceTree = "<group>"; };
		F4DF3CF81BDA6DDC00CC7A3F /* ColorWheel.swift */ = {isa = PBXFileReference; fileEncoding = 4; lastKnownFileType = sourcecode.swift; path = ColorWheel.swift; sourceTree = "<group>"; };
/* End PBXFileReference section */

/* Begin PBXFrameworksBuildPhase section */
		F42F21831BDA60D0007FE372 /* Frameworks */ = {
			isa = PBXFrameworksBuildPhase;
			buildActionMask = 2147483647;
			files = (
			);
			runOnlyForDeploymentPostprocessing = 0;
		};
		F42F21971BDA60D0007FE372 /* Frameworks */ = {
			isa = PBXFrameworksBuildPhase;
			buildActionMask = 2147483647;
			files = (
			);
			runOnlyForDeploymentPostprocessing = 0;
		};
		F42F21A21BDA60D0007FE372 /* Frameworks */ = {
			isa = PBXFrameworksBuildPhase;
			buildActionMask = 2147483647;
			files = (
			);
			runOnlyForDeploymentPostprocessing = 0;
		};
/* End PBXFrameworksBuildPhase section */

/* Begin PBXGroup section */
		F42F217D1BDA60D0007FE372 = {
			isa = PBXGroup;
			children = (
				F42F21B91BDA669A007FE372 /* Playgrounds */,
				F42F21881BDA60D0007FE372 /* FunFact */,
				F42F219D1BDA60D0007FE372 /* FunFactTests */,
				F42F21A81BDA60D0007FE372 /* FunFactUITests */,
				F42F21871BDA60D0007FE372 /* Products */,
			);
			sourceTree = "<group>";
		};
		F42F21871BDA60D0007FE372 /* Products */ = {
			isa = PBXGroup;
			children = (
				F42F21861BDA60D0007FE372 /* FunFact.app */,
				F42F219A1BDA60D0007FE372 /* FunFactTests.xctest */,
				F42F21A51BDA60D0007FE372 /* FunFactUITests.xctest */,
			);
			name = Products;
			sourceTree = "<group>";
		};
		F42F21881BDA60D0007FE372 /* FunFact */ = {
			isa = PBXGroup;
			children = (
				F42F21891BDA60D0007FE372 /* AppDelegate.swift */,
				F42F218B1BDA60D0007FE372 /* ViewController.swift */,
				F42F218D1BDA60D0007FE372 /* Main.storyboard */,
				F42F21901BDA60D0007FE372 /* Assets.xcassets */,
				F42F21921BDA60D0007FE372 /* LaunchScreen.storyboard */,
				F42F21951BDA60D0007FE372 /* Info.plist */,
				F42F21B71BDA65E7007FE372 /* FactBook.swift */,
				F4DF3CF81BDA6DDC00CC7A3F /* ColorWheel.swift */,
			);
			path = FunFact;
			sourceTree = "<group>";
		};
		F42F219D1BDA60D0007FE372 /* FunFactTests */ = {
			isa = PBXGroup;
			children = (
				F42F219E1BDA60D0007FE372 /* FunFactTests.swift */,
				F42F21A01BDA60D0007FE372 /* Info.plist */,
			);
			path = FunFactTests;
			sourceTree = "<group>";
		};
		F42F21A81BDA60D0007FE372 /* FunFactUITests */ = {
			isa = PBXGroup;
			children = (
				F42F21A91BDA60D0007FE372 /* FunFactUITests.swift */,
				F42F21AB1BDA60D0007FE372 /* Info.plist */,
			);
			path = FunFactUITests;
			sourceTree = "<group>";
		};
		F42F21B91BDA669A007FE372 /* Playgrounds */ = {
			isa = PBXGroup;
			children = (
				F42F21BA1BDA66EA007FE372 /* CodeTest.playground */,
			);
			name = Playgrounds;
			sourceTree = "<group>";
		};
/* End PBXGroup section */

/* Begin PBXNativeTarget section */
		F42F21851BDA60D0007FE372 /* FunFact */ = {
			isa = PBXNativeTarget;
			buildConfigurationList = F42F21AE1BDA60D0007FE372 /* Build configuration list for PBXNativeTarget "FunFact" */;
			buildPhases = (
				F42F21821BDA60D0007FE372 /* Sources */,
				F42F21831BDA60D0007FE372 /* Frameworks */,
				F42F21841BDA60D0007FE372 /* Resources */,
			);
			buildRules = (
			);
			dependencies = (
			);
			name = FunFact;
			productName = FunFact;
			productReference = F42F21861BDA60D0007FE372 /* FunFact.app */;
			productType = "com.apple.product-type.application";
		};
		F42F21991BDA60D0007FE372 /* FunFactTests */ = {
			isa = PBXNativeTarget;
			buildConfigurationList = F42F21B11BDA60D0007FE372 /* Build configuration list for PBXNativeTarget "FunFactTests" */;
			buildPhases = (
				F42F21961BDA60D0007FE372 /* Sources */,
				F42F21971BDA60D0007FE372 /* Frameworks */,
				F42F21981BDA60D0007FE372 /* Resources */,
			);
			buildRules = (
			);
			dependencies = (
				F42F219C1BDA60D0007FE372 /* PBXTargetDependency */,
			);
			name = FunFactTests;
			productName = FunFactTests;
			productReference = F42F219A1BDA60D0007FE372 /* FunFactTests.xctest */;
			productType = "com.apple.product-type.bundle.unit-test";
		};
		F42F21A41BDA60D0007FE372 /* FunFactUITests */ = {
			isa = PBXNativeTarget;
			buildConfigurationList = F42F21B41BDA60D0007FE372 /* Build configuration list for PBXNativeTarget "FunFactUITests" */;
			buildPhases = (
				F42F21A11BDA60D0007FE372 /* Sources */,
				F42F21A21BDA60D0007FE372 /* Frameworks */,
				F42F21A31BDA60D0007FE372 /* Resources */,
			);
			buildRules = (
			);
			dependencies = (
				F42F21A71BDA60D0007FE372 /* PBXTargetDependency */,
			);
			name = FunFactUITests;
			productName = FunFactUITests;
			productReference = F42F21A51BDA60D0007FE372 /* FunFactUITests.xctest */;
			productType = "com.apple.product-type.bundle.ui-testing";
		};
/* End PBXNativeTarget section */

/* Begin PBXProject section */
		F42F217E1BDA60D0007FE372 /* Project object */ = {
			isa = PBXProject;
			attributes = {
				LastUpgradeCheck = 0700;
				ORGANIZATIONNAME = yufu;
				TargetAttributes = {
					F42F21851BDA60D0007FE372 = {
						CreatedOnToolsVersion = 7.0.1;
					};
					F42F21991BDA60D0007FE372 = {
						CreatedOnToolsVersion = 7.0.1;
						TestTargetID = F42F21851BDA60D0007FE372;
					};
					F42F21A41BDA60D0007FE372 = {
						CreatedOnToolsVersion = 7.0.1;
						TestTargetID = F42F21851BDA60D0007FE372;
					};
				};
			};
			buildConfigurationList = F42F21811BDA60D0007FE372 /* Build configuration list for PBXProject "FunFact" */;
			compatibilityVersion = "Xcode 3.2";
			developmentRegion = English;
			hasScannedForEncodings = 0;
			knownRegions = (
				en,
				Base,
			);
			mainGroup = F42F217D1BDA60D0007FE372;
			productRefGroup = F42F21871BDA60D0007FE372 /* Products */;
			projectDirPath = "";
			projectRoot = "";
			targets = (
				F42F21851BDA60D0007FE372 /* FunFact */,
				F42F21991BDA60D0007FE372 /* FunFactTests */,
				F42F21A41BDA60D0007FE372 /* FunFactUITests */,
			);
		};
/* End PBXProject section */

/* Begin PBXResourcesBuildPhase section */
		F42F21841BDA60D0007FE372 /* Resources */ = {
			isa = PBXResourcesBuildPhase;
			buildActionMask = 2147483647;
			files = (
				F42F21941BDA60D0007FE372 /* LaunchScreen.storyboard in Resources */,
				F42F21911BDA60D0007FE372 /* Assets.xcassets in Resources */,
				F42F218F1BDA60D0007FE372 /* Main.storyboard in Resources */,
			);
			runOnlyForDeploymentPostprocessing = 0;
		};
		F42F21981BDA60D0007FE372 /* Resources */ = {
			isa = PBXResourcesBuildPhase;
			buildActionMask = 2147483647;
			files = (
			);
			runOnlyForDeploymentPostprocessing = 0;
		};
		F42F21A31BDA60D0007FE372 /* Resources */ = {
			isa = PBXResourcesBuildPhase;
			buildActionMask = 2147483647;
			files = (
			);
			runOnlyForDeploymentPostprocessing = 0;
		};
/* End PBXResourcesBuildPhase section */

/* Begin PBXSourcesBuildPhase section */
		F42F21821BDA60D0007FE372 /* Sources */ = {
			isa = PBXSourcesBuildPhase;
			buildActionMask = 2147483647;
			files = (
				F42F21B81BDA65E7007FE372 /* FactBook.swift in Sources */,
				F42F218C1BDA60D0007FE372 /* ViewController.swift in Sources */,
				F42F218A1BDA60D0007FE372 /* AppDelegate.swift in Sources */,
				F4DF3CF91BDA6DDC00CC7A3F /* ColorWheel.swift in Sources */,
			);
			runOnlyForDeploymentPostprocessing = 0;
		};
		F42F21961BDA60D0007FE372 /* Sources */ = {
			isa = PBXSourcesBuildPhase;
			buildActionMask = 2147483647;
			files = (
				F42F219F1BDA60D0007FE372 /* FunFactTests.swift in Sources */,
			);
			runOnlyForDeploymentPostprocessing = 0;
		};
		F42F21A11BDA60D0007FE372 /* Sources */ = {
			isa = PBXSourcesBuildPhase;
			buildActionMask = 2147483647;
			files = (
				F42F21AA1BDA60D0007FE372 /* FunFactUITests.swift in Sources */,
			);
			runOnlyForDeploymentPostprocessing = 0;
		};
/* End PBXSourcesBuildPhase section */

/* Begin PBXTargetDependency section */
		F42F219C1BDA60D0007FE372 /* PBXTargetDependency */ = {
			isa = PBXTargetDependency;
			target = F42F21851BDA60D0007FE372 /* FunFact */;
			targetProxy = F42F219B1BDA60D0007FE372 /* PBXContainerItemProxy */;
		};
		F42F21A71BDA60D0007FE372 /* PBXTargetDependency */ = {
			isa = PBXTargetDependency;
			target = F42F21851BDA60D0007FE372 /* FunFact */;
			targetProxy = F42F21A61BDA60D0007FE372 /* PBXContainerItemProxy */;
		};
/* End PBXTargetDependency section */

/* Begin PBXVariantGroup section */
		F42F218D1BDA60D0007FE372 /* Main.storyboard */ = {
			isa = PBXVariantGroup;
			children = (
				F42F218E1BDA60D0007FE372 /* Base */,
			);
			name = Main.storyboard;
			sourceTree = "<group>";
		};
		F42F21921BDA60D0007FE372 /* LaunchScreen.storyboard */ = {
			isa = PBXVariantGroup;
			children = (
				F42F21931BDA60D0007FE372 /* Base */,
			);
			name = LaunchScreen.storyboard;
			sourceTree = "<group>";
		};
/* End PBXVariantGroup section */

/* Begin XCBuildConfiguration section */
		F42F21AC1BDA60D0007FE372 /* Debug */ = {
			isa = XCBuildConfiguration;
			buildSettings = {
				ALWAYS_SEARCH_USER_PATHS = NO;
				CLANG_CXX_LANGUAGE_STANDARD = "gnu++0x";
				CLANG_CXX_LIBRARY = "libc++";
				CLANG_ENABLE_MODULES = YES;
				CLANG_ENABLE_OBJC_ARC = YES;
				CLANG_WARN_BOOL_CONVERSION = YES;
				CLANG_WARN_CONSTANT_CONVERSION = YES;
				CLANG_WARN_DIRECT_OBJC_ISA_USAGE = YES_ERROR;
				CLANG_WARN_EMPTY_BODY = YES;
				CLANG_WARN_ENUM_CONVERSION = YES;
				CLANG_WARN_INT_CONVERSION = YES;
				CLANG_WARN_OBJC_ROOT_CLASS = YES_ERROR;
				CLANG_WARN_UNREACHABLE_CODE = YES;
				CLANG_WARN__DUPLICATE_METHOD_MATCH = YES;
				"CODE_SIGN_IDENTITY[sdk=iphoneos*]" = "iPhone Developer";
				COPY_PHASE_STRIP = NO;
				DEBUG_INFORMATION_FORMAT = dwarf;
				ENABLE_STRICT_OBJC_MSGSEND = YES;
				ENABLE_TESTABILITY = YES;
				GCC_C_LANGUAGE_STANDARD = gnu99;
				GCC_DYNAMIC_NO_PIC = NO;
				GCC_NO_COMMON_BLOCKS = YES;
				GCC_OPTIMIZATION_LEVEL = 0;
				GCC_PREPROCESSOR_DEFINITIONS = (
					"DEBUG=1",
					"$(inherited)",
				);
				GCC_WARN_64_TO_32_BIT_CONVERSION = YES;
				GCC_WARN_ABOUT_RETURN_TYPE = YES_ERROR;
				GCC_WARN_UNDECLARED_SELECTOR = YES;
				GCC_WARN_UNINITIALIZED_AUTOS = YES_AGGRESSIVE;
				GCC_WARN_UNUSED_FUNCTION = YES;
				GCC_WARN_UNUSED_VARIABLE = YES;
				IPHONEOS_DEPLOYMENT_TARGET = 9.0;
				MTL_ENABLE_DEBUG_INFO = YES;
				ONLY_ACTIVE_ARCH = YES;
				SDKROOT = iphoneos;
				SWIFT_OPTIMIZATION_LEVEL = "-Onone";
				TARGETED_DEVICE_FAMILY = "1,2";
			};
			name = Debug;
		};
		F42F21AD1BDA60D0007FE372 /* Release */ = {
			isa = XCBuildConfiguration;
			buildSettings = {
				ALWAYS_SEARCH_USER_PATHS = NO;
				CLANG_CXX_LANGUAGE_STANDARD = "gnu++0x";
				CLANG_CXX_LIBRARY = "libc++";
				CLANG_ENABLE_MODULES = YES;
				CLANG_ENABLE_OBJC_ARC = YES;
				CLANG_WARN_BOOL_CONVERSION = YES;
				CLANG_WARN_CONSTANT_CONVERSION = YES;
				CLANG_WARN_DIRECT_OBJC_ISA_USAGE = YES_ERROR;
				CLANG_WARN_EMPTY_BODY = YES;
				CLANG_WARN_ENUM_CONVERSION = YES;
				CLANG_WARN_INT_CONVERSION = YES;
				CLANG_WARN_OBJC_ROOT_CLASS = YES_ERROR;
				CLANG_WARN_UNREACHABLE_CODE = YES;
				CLANG_WARN__DUPLICATE_METHOD_MATCH = YES;
				"CODE_SIGN_IDENTITY[sdk=iphoneos*]" = "iPhone Developer";
				COPY_PHASE_STRIP = NO;
				DEBUG_INFORMATION_FORMAT = "dwarf-with-dsym";
				ENABLE_NS_ASSERTIONS = NO;
				ENABLE_STRICT_OBJC_MSGSEND = YES;
				GCC_C_LANGUAGE_STANDARD = gnu99;
				GCC_NO_COMMON_BLOCKS = YES;
				GCC_WARN_64_TO_32_BIT_CONVERSION = YES;
				GCC_WARN_ABOUT_RETURN_TYPE = YES_ERROR;
				GCC_WARN_UNDECLARED_SELECTOR = YES;
				GCC_WARN_UNINITIALIZED_AUTOS = YES_AGGRESSIVE;
				GCC_WARN_UNUSED_FUNCTION = YES;
				GCC_WARN_UNUSED_VARIABLE = YES;
				IPHONEOS_DEPLOYMENT_TARGET = 9.0;
				MTL_ENABLE_DEBUG_INFO = NO;
				SDKROOT = iphoneos;
				TARGETED_DEVICE_FAMILY = "1,2";
				VALIDATE_PRODUCT = YES;
			};
			name = Release;
		};
		F42F21AF1BDA60D0007FE372 /* Debug */ = {
			isa = XCBuildConfiguration;
			buildSettings = {
				ASSETCATALOG_COMPILER_APPICON_NAME = AppIcon;
				INFOPLIST_FILE = FunFact/Info.plist;
				LD_RUNPATH_SEARCH_PATHS = "$(inherited) @executable_path/Frameworks";
				PRODUCT_BUNDLE_IDENTIFIER = com.unicreatetech.FunFact;
				PRODUCT_NAME = "$(TARGET_NAME)";
			};
			name = Debug;
		};
		F42F21B01BDA60D0007FE372 /* Release */ = {
			isa = XCBuildConfiguration;
			buildSettings = {
				ASSETCATALOG_COMPILER_APPICON_NAME = AppIcon;
				INFOPLIST_FILE = FunFact/Info.plist;
				LD_RUNPATH_SEARCH_PATHS = "$(inherited) @executable_path/Frameworks";
				PRODUCT_BUNDLE_IDENTIFIER = com.unicreatetech.FunFact;
				PRODUCT_NAME = "$(TARGET_NAME)";
			};
			name = Release;
		};
		F42F21B21BDA60D0007FE372 /* Debug */ = {
			isa = XCBuildConfiguration;
			buildSettings = {
				BUNDLE_LOADER = "$(TEST_HOST)";
				INFOPLIST_FILE = FunFactTests/Info.plist;
				LD_RUNPATH_SEARCH_PATHS = "$(inherited) @executable_path/Frameworks @loader_path/Frameworks";
				PRODUCT_BUNDLE_IDENTIFIER = com.unicreatetech.FunFactTests;
				PRODUCT_NAME = "$(TARGET_NAME)";
				TEST_HOST = "$(BUILT_PRODUCTS_DIR)/FunFact.app/FunFact";
			};
			name = Debug;
		};
		F42F21B31BDA60D0007FE372 /* Release */ = {
			isa = XCBuildConfiguration;
			buildSettings = {
				BUNDLE_LOADER = "$(TEST_HOST)";
				INFOPLIST_FILE = FunFactTests/Info.plist;
				LD_RUNPATH_SEARCH_PATHS = "$(inherited) @executable_path/Frameworks @loader_path/Frameworks";
				PRODUCT_BUNDLE_IDENTIFIER = com.unicreatetech.FunFactTests;
				PRODUCT_NAME = "$(TARGET_NAME)";
				TEST_HOST = "$(BUILT_PRODUCTS_DIR)/FunFact.app/FunFact";
			};
			name = Release;
		};
		F42F21B51BDA60D0007FE372 /* Debug */ = {
			isa = XCBuildConfiguration;
			buildSettings = {
				INFOPLIST_FILE = FunFactUITests/Info.plist;
				LD_RUNPATH_SEARCH_PATHS = "$(inherited) @executable_path/Frameworks @loader_path/Frameworks";
				PRODUCT_BUNDLE_IDENTIFIER = com.unicreatetech.FunFactUITests;
				PRODUCT_NAME = "$(TARGET_NAME)";
				TEST_TARGET_NAME = FunFact;
				USES_XCTRUNNER = YES;
			};
			name = Debug;
		};
		F42F21B61BDA60D0007FE372 /* Release */ = {
			isa = XCBuildConfiguration;
			buildSettings = {
				INFOPLIST_FILE = FunFactUITests/Info.plist;
				LD_RUNPATH_SEARCH_PATHS = "$(inherited) @executable_path/Frameworks @loader_path/Frameworks";
				PRODUCT_BUNDLE_IDENTIFIER = com.unicreatetech.FunFactUITests;
				PRODUCT_NAME = "$(TARGET_NAME)";
				TEST_TARGET_NAME = FunFact;
				USES_XCTRUNNER = YES;
			};
			name = Release;
		};
/* End XCBuildConfiguration section */

/* Begin XCConfigurationList section */
		F42F21811BDA60D0007FE372 /* Build configuration list for PBXProject "FunFact" */ = {
			isa = XCConfigurationList;
			buildConfigurations = (
				F42F21AC1BDA60D0007FE372 /* Debug */,
				F42F21AD1BDA60D0007FE372 /* Release */,
			);
			defaultConfigurationIsVisible = 0;
			defaultConfigurationName = Release;
		};
		F42F21AE1BDA60D0007FE372 /* Build configuration list for PBXNativeTarget "FunFact" */ = {
			isa = XCConfigurationList;
			buildConfigurations = (
				F42F21AF1BDA60D0007FE372 /* Debug */,
				F42F21B01BDA60D0007FE372 /* Release */,
			);
			defaultConfigurationIsVisible = 0;
			defaultConfigurationName = Release;
		};
		F42F21B11BDA60D0007FE372 /* Build configuration list for PBXNativeTarget "FunFactTests" */ = {
			isa = XCConfigurationList;
			buildConfigurations = (
				F42F21B21BDA60D0007FE372 /* Debug */,
				F42F21B31BDA60D0007FE372 /* Release */,
			);
			defaultConfigurationIsVisible = 0;
			defaultConfigurationName = Release;
		};
		F42F21B41BDA60D0007FE372 /* Build configuration list for PBXNativeTarget "FunFactUITests" */ = {
			isa = XCConfigurationList;
			buildConfigurations = (
				F42F21B51BDA60D0007FE372 /* Debug */,
				F42F21B61BDA60D0007FE372 /* Release */,
			);
			defaultConfigurationIsVisible = 0;
			defaultConfigurationName = Release;
		};
/* End XCConfigurationList section */
	};
	rootObject = F42F217E1BDA60D0007FE372 /* Project object */;
}
